
Microsoft Visual Studio Solution File, Format Version 12.00
# Visual Studio Version 16
VisualStudioVersion = 16.0.31025.194
MinimumVisualStudioVersion = 10.0.40219.1
Project("{FAE04EC0-301F-11D3-BF4B-00C04F79EFBC}") = "Interfaces", "Interfaces\Interfaces.csproj", "{1F33B91E-1645-45AD-9ED4-BF493E66C492}"
EndProject
Global
	GlobalSection(SolutionConfigurationPlatforms) = preSolution
		Debug|Any CPU = Debug|Any CPU
		Release|Any CPU = Release|Any CPU
	EndGlobalSection
	GlobalSection(ProjectConfigurationPlatforms) = postSolution
		{1F33B91E-1645-45AD-9ED4-BF493E66C492}.Debug|Any CPU.ActiveCfg = Debug|Any CPU
		{1F33B91E-1645-45AD-9ED4-BF493E66C492}.Debug|Any CPU.Build.0 = Debug|Any CPU
		{1F33B91E-1645-45AD-9ED4-BF493E66C492}.Release|Any CPU.ActiveCfg = Release|Any CPU
		{1F33B91E-1645-45AD-9ED4-BF493E66C492}.Release|Any CPU.Build.0 = Release|Any CPU
	EndGlobalSection
	GlobalSection(SolutionProperties) = preSolution
		HideSolutionNode = FALSE
	EndGlobalSection
	GlobalSection(ExtensibilityGlobals) = postSolution
		SolutionGuid = {BE07476D-3129-41BF-9192-8452DF0A1187}
	EndGlobalSection
EndGlobal
